{
  "version": 2,
  "dependencies": {
    "net10.0": {
      "Antlr4.Runtime.Standard": {
        "type": "Transitive",
        "resolved": "4.13.1",
        "contentHash": "Da5+i4kFHUseJRZGcBG5fmZGpA/Ns180ibrQMxgZzjpQOnENVvSL5gi5HZ8Ncz8/AR2WsKbOg2lMBzjz0HUQcA=="
      },
      "galnet.core": {
        "type": "Project"
      },
      "galnet.presentation.abstractions": {
        "type": "Project",
        "dependencies": {
          "GalNet.Core": "[1.0.0, )"
        }
      },
      "galnet.runtime": {
        "type": "Project",
        "dependencies": {
          "CoreCLR-NCalc": "[3.1.253, )",
          "GalNet.Core": "[1.0.0, )",
          "GalNet.Presentation.Abstractions": "[1.0.0, )",
          "GalNet.Storage.Abstractions": "[1.0.0, )",
          "Serilog": "[4.2.0, )"
        }
      },
      "galnet.storage.abstractions": {
        "type": "Project",
        "dependencies": {
          "GalNet.Core": "[1.0.0, )"
        }
      },
      "CoreCLR-NCalc": {
        "type": "CentralTransitive",
        "requested": "[3.1.253, )",
        "resolved": "3.1.253",
        "contentHash": "XrcIZAbjsnW+4/PJKd8bbfeDMYEM41cKK13DmgIRoH2+UPpoiu2mF7gfdfAsr10ePrzH4NyfD8Y3u8nbj9G2lQ==",
        "dependencies": {
          "Antlr4.Runtime.Standard": "4.13.1"
        }
      },
      "Serilog": {
        "type": "CentralTransitive",
        "requested": "[4.2.0, )",
        "resolved": "4.2.0",
        "contentHash": "gmoWVOvKgbME8TYR+gwMf7osROiWAURterc6Rt2dQyX7wtjZYpqFiA/pY6ztjGQKKV62GGCyOcmtP1UKMHgSmA=="
      }
    }
  }
}