{
  "version": 2,
  "dependencies": {
    "net10.0": {
      "LibVLCSharp": {
        "type": "Direct",
        "requested": "[3.10.0, )",
        "resolved": "3.10.0",
        "contentHash": "VHuOfq8Xtb/lNz0asvCm5qDjgTmfB3m3lC40Dz9iH9oL3DM0fSXHjZaLxdtYVr5nsldJoh5BTeG8MtODprhC9Q=="
      },
      "galnet.core": {
        "type": "Project"
      },
      "galnet.presentation.abstractions": {
        "type": "Project",
        "dependencies": {
          "GalNet.Core": "[1.0.0, )"
        }
      }
    }
  }
}